
Microsoft Visual Studio Solution File, Format Version 12.00
# Visual Studio Version 17
VisualStudioVersion = 17.13.35825.156 d17.13
MinimumVisualStudioVersion = 10.0.40219.1
Project("{FAE04EC0-301F-11D3-BF4B-00C04F79EFBC}") = "DahitanGhar", "DahitanGhar\DahitanGhar.csproj", "{C2FE9BBD-68FB-447D-9DE3-CD1BDC05710E}"
EndProject
Global
	GlobalSection(SolutionConfigurationPlatforms) = preSolution
		Debug|Any CPU = Debug|Any CPU
		Release|Any CPU = Release|Any CPU
	EndGlobalSection
	GlobalSection(ProjectConfigurationPlatforms) = postSolution
		{C2FE9BBD-68FB-447D-9DE3-CD1BDC05710E}.Debug|Any CPU.ActiveCfg = Debug|Any CPU
		{C2FE9BBD-68FB-447D-9DE3-CD1BDC05710E}.Debug|Any CPU.Build.0 = Debug|Any CPU
		{C2FE9BBD-68FB-447D-9DE3-CD1BDC05710E}.Release|Any CPU.ActiveCfg = Release|Any CPU
		{C2FE9BBD-68FB-447D-9DE3-CD1BDC05710E}.Release|Any CPU.Build.0 = Release|Any CPU
	EndGlobalSection
	GlobalSection(SolutionProperties) = preSolution
		HideSolutionNode = FALSE
	EndGlobalSection
	GlobalSection(ExtensibilityGlobals) = postSolution
		SolutionGuid = {0BAF7C7E-21FD-440E-A3B3-D193EF02AD25}
	EndGlobalSection
EndGlobal
